// !$*UTF8*$!
{
	archiveVersion = 1;
	classes = {
	};
	objectVersion = 56;
	objects = {

/* Begin PBXBuildFile section */
		7383122228EB75E300FC930B /* Mortgage_University_v2App.swift in Sources */ = {isa = PBXBuildFile; fileRef = 7383122128EB75E300FC930B /* Mortgage_University_v2App.swift */; };
		7383122428EB75E300FC930B /* ContentView.swift in Sources */ = {isa = PBXBuildFile; fileRef = 7383122328EB75E300FC930B /* ContentView.swift */; };
		7383122628EB75E600FC930B /* Assets.xcassets in Resources */ = {isa = PBXBuildFile; fileRef = 7383122528EB75E600FC930B /* Assets.xcassets */; };
		7383122A28EB75E600FC930B /* Preview Assets.xcassets in Resources */ = {isa = PBXBuildFile; fileRef = 7383122928EB75E600FC930B /* Preview Assets.xcassets */; };
		7383123428EB75E600FC930B /* Mortgage_University_v2Tests.swift in Sources */ = {isa = PBXBuildFile; fileRef = 7383123328EB75E600FC930B /* Mortgage_University_v2Tests.swift */; };
		7383123E28EB75E600FC930B /* Mortgage_University_v2UITests.swift in Sources */ = {isa = PBXBuildFile; fileRef = 7383123D28EB75E600FC930B /* Mortgage_University_v2UITests.swift */; };
		7383124028EB75E600FC930B /* Mortgage_University_v2UITestsLaunchTests.swift in Sources */ = {isa = PBXBuildFile; fileRef = 7383123F28EB75E600FC930B /* Mortgage_University_v2UITestsLaunchTests.swift */; };
/* End PBXBuildFile section */

/* Begin PBXContainerItemProxy section */
		7383123028EB75E600FC930B /* PBXContainerItemProxy */ = {
			isa = PBXContainerItemProxy;
			containerPortal = 7383121628EB75E300FC930B /* Project object */;
			proxyType = 1;
			remoteGlobalIDString = 7383121D28EB75E300FC930B;
			remoteInfo = "Mortgage University v2";
		};
		7383123A28EB75E600FC930B /* PBXContainerItemProxy */ = {
			isa = PBXContainerItemProxy;
			containerPortal = 7383121628EB75E300FC930B /* Project object */;
			proxyType = 1;
			remoteGlobalIDString = 7383121D28EB75E300FC930B;
			remoteInfo = "Mortgage University v2";
		};
/* End PBXContainerItemProxy section */

/* Begin PBXFileReference section */
		7383121E28EB75E300FC930B /* Mortgage University v2.app */ = {isa = PBXFileReference; explicitFileType = wrapper.application; includeInIndex = 0; path = "Mortgage University v2.app"; sourceTree = BUILT_PRODUCTS_DIR; };
		7383122128EB75E300FC930B /* Mortgage_University_v2App.swift */ = {isa = PBXFileReference; lastKnownFileType = sourcecode.swift; path = Mortgage_University_v2App.swift; sourceTree = "<group>"; };
		7383122328EB75E300FC930B /* ContentView.swift */ = {isa = PBXFileReference; lastKnownFileType = sourcecode.swift; path = ContentView.swift; sourceTree = "<group>"; };
		7383122528EB75E600FC930B /* Assets.xcassets */ = {isa = PBXFileReference; lastKnownFileType = folder.assetcatalog; path = Assets.xcassets; sourceTree = "<group>"; };
		7383122728EB75E600FC930B /* Mortgage_University_v2.entitlements */ = {isa = PBXFileReference; lastKnownFileType = text.plist.entitlements; path = Mortgage_University_v2.entitlements; sourceTree = "<group>"; };
		7383122928EB75E600FC930B /* Preview Assets.xcassets */ = {isa = PBXFileReference; lastKnownFileType = folder.assetcatalog; path = "Preview Assets.xcassets"; sourceTree = "<group>"; };
		7383122F28EB75E600FC930B /* Mortgage University v2Tests.xctest */ = {isa = PBXFileReference; explicitFileType = wrapper.cfbundle; includeInIndex = 0; path = "Mortgage University v2Tests.xctest"; sourceTree = BUILT_PRODUCTS_DIR; };
		7383123328EB75E600FC930B /* Mortgage_University_v2Tests.swift */ = {isa = PBXFileReference; lastKnownFileType = sourcecode.swift; path = Mortgage_University_v2Tests.swift; sourceTree = "<group>"; };
		7383123928EB75E600FC930B /* Mortgage University v2UITests.xctest */ = {isa = PBXFileReference; explicitFileType = wrapper.cfbundle; includeInIndex = 0; path = "Mortgage University v2UITests.xctest"; sourceTree = BUILT_PRODUCTS_DIR; };
		7383123D28EB75E600FC930B /* Mortgage_University_v2UITests.swift */ = {isa = PBXFileReference; lastKnownFileType = sourcecode.swift; path = Mortgage_University_v2UITests.swift; sourceTree = "<group>"; };
		7383123F28EB75E600FC930B /* Mortgage_University_v2UITestsLaunchTests.swift */ = {isa = PBXFileReference; lastKnownFileType = sourcecode.swift; path = Mortgage_University_v2UITestsLaunchTests.swift; sourceTree = "<group>"; };
/* End PBXFileReference section */

/* Begin PBXFrameworksBuildPhase section */
		7383121B28EB75E300FC930B /* Frameworks */ = {
			isa = PBXFrameworksBuildPhase;
			buildActionMask = 2147483647;
			files = (
			);
			runOnlyForDeploymentPostprocessing = 0;
		};
		7383122C28EB75E600FC930B /* Frameworks */ = {
			isa = PBXFrameworksBuildPhase;
			buildActionMask = 2147483647;
			files = (
			);
			runOnlyForDeploymentPostprocessing = 0;
		};
		7383123628EB75E600FC930B /* Frameworks */ = {
			isa = PBXFrameworksBuildPhase;
			buildActionMask = 2147483647;
			files = (
			);
			runOnlyForDeploymentPostprocessing = 0;
		};
/* End PBXFrameworksBuildPhase section */

/* Begin PBXGroup section */
		7383121528EB75E300FC930B = {
			isa = PBXGroup;
			children = (
				7383122028EB75E300FC930B /* Mortgage University v2 */,
				7383123228EB75E600FC930B /* Mortgage University v2Tests */,
				7383123C28EB75E600FC930B /* Mortgage University v2UITests */,
				7383121F28EB75E300FC930B /* Products */,
			);
			sourceTree = "<group>";
		};
		7383121F28EB75E300FC930B /* Products */ = {
			isa = PBXGroup;
			children = (
				7383121E28EB75E300FC930B /* Mortgage University v2.app */,
				7383122F28EB75E600FC930B /* Mortgage University v2Tests.xctest */,
				7383123928EB75E600FC930B /* Mortgage University v2UITests.xctest */,
			);
			name = Products;
			sourceTree = "<group>";
		};
		7383122028EB75E300FC930B /* Mortgage University v2 */ = {
			isa = PBXGroup;
			children = (
				7383122128EB75E300FC930B /* Mortgage_University_v2App.swift */,
				7383122328EB75E300FC930B /* ContentView.swift */,
				7383122528EB75E600FC930B /* Assets.xcassets */,
				7383122728EB75E600FC930B /* Mortgage_University_v2.entitlements */,
				7383122828EB75E600FC930B /* Preview Content */,
			);
			path = "Mortgage University v2";
			sourceTree = "<group>";
		};
		7383122828EB75E600FC930B /* Preview Content */ = {
			isa = PBXGroup;
			children = (
				7383122928EB75E600FC930B /* Preview Assets.xcassets */,
			);
			path = "Preview Content";
			sourceTree = "<group>";
		};
		7383123228EB75E600FC930B /* Mortgage University v2Tests */ = {
			isa = PBXGroup;
			children = (
				7383123328EB75E600FC930B /* Mortgage_University_v2Tests.swift */,
			);
			path = "Mortgage University v2Tests";
			sourceTree = "<group>";
		};
		7383123C28EB75E600FC930B /* Mortgage University v2UITests */ = {
			isa = PBXGroup;
			children = (
				7383123D28EB75E600FC930B /* Mortgage_University_v2UITests.swift */,
				7383123F28EB75E600FC930B /* Mortgage_University_v2UITestsLaunchTests.swift */,
			);
			path = "Mortgage University v2UITests";
			sourceTree = "<group>";
		};
/* End PBXGroup section */

/* Begin PBXNativeTarget section */
		7383121D28EB75E300FC930B /* Mortgage University v2 */ = {
			isa = PBXNativeTarget;
			buildConfigurationList = 7383124328EB75E600FC930B /* Build configuration list for PBXNativeTarget "Mortgage University v2" */;
			buildPhases = (
				7383121A28EB75E300FC930B /* Sources */,
				7383121B28EB75E300FC930B /* Frameworks */,
				7383121C28EB75E300FC930B /* Resources */,
			);
			buildRules = (
			);
			dependencies = (
			);
			name = "Mortgage University v2";
			productName = "Mortgage University v2";
			productReference = 7383121E28EB75E300FC930B /* Mortgage University v2.app */;
			productType = "com.apple.product-type.application";
		};
		7383122E28EB75E600FC930B /* Mortgage University v2Tests */ = {
			isa = PBXNativeTarget;
			buildConfigurationList = 7383124628EB75E600FC930B /* Build configuration list for PBXNativeTarget "Mortgage University v2Tests" */;
			buildPhases = (
				7383122B28EB75E600FC930B /* Sources */,
				7383122C28EB75E600FC930B /* Frameworks */,
				7383122D28EB75E600FC930B /* Resources */,
			);
			buildRules = (
			);
			dependencies = (
				7383123128EB75E600FC930B /* PBXTargetDependency */,
			);
			name = "Mortgage University v2Tests";
			productName = "Mortgage University v2Tests";
			productReference = 7383122F28EB75E600FC930B /* Mortgage University v2Tests.xctest */;
			productType = "com.apple.product-type.bundle.unit-test";
		};
		7383123828EB75E600FC930B /* Mortgage University v2UITests */ = {
			isa = PBXNativeTarget;
			buildConfigurationList = 7383124928EB75E600FC930B /* Build configuration list for PBXNativeTarget "Mortgage University v2UITests" */;
			buildPhases = (
				7383123528EB75E600FC930B /* Sources */,
				7383123628EB75E600FC930B /* Frameworks */,
				7383123728EB75E600FC930B /* Resources */,
			);
			buildRules = (
			);
			dependencies = (
				7383123B28EB75E600FC930B /* PBXTargetDependency */,
			);
			name = "Mortgage University v2UITests";
			productName = "Mortgage University v2UITests";
			productReference = 7383123928EB75E600FC930B /* Mortgage University v2UITests.xctest */;
			productType = "com.apple.product-type.bundle.ui-testing";
		};
/* End PBXNativeTarget section */

/* Begin PBXProject section */
		7383121628EB75E300FC930B /* Project object */ = {
			isa = PBXProject;
			attributes = {
				BuildIndependentTargetsInParallel = 1;
				LastSwiftUpdateCheck = 1400;
				LastUpgradeCheck = 1400;
				TargetAttributes = {
					7383121D28EB75E300FC930B = {
						CreatedOnToolsVersion = 14.0.1;
					};
					7383122E28EB75E600FC930B = {
						CreatedOnToolsVersion = 14.0.1;
						TestTargetID = 7383121D28EB75E300FC930B;
					};
					7383123828EB75E600FC930B = {
						CreatedOnToolsVersion = 14.0.1;
						TestTargetID = 7383121D28EB75E300FC930B;
					};
				};
			};
			buildConfigurationList = 7383121928EB75E300FC930B /* Build configuration list for PBXProject "Mortgage University v2" */;
			compatibilityVersion = "Xcode 14.0";
			developmentRegion = en;
			hasScannedForEncodings = 0;
			knownRegions = (
				en,
				Base,
			);
			mainGroup = 7383121528EB75E300FC930B;
			productRefGroup = 7383121F28EB75E300FC930B /* Products */;
			projectDirPath = "";
			projectRoot = "";
			targets = (
				7383121D28EB75E300FC930B /* Mortgage University v2 */,
				7383122E28EB75E600FC930B /* Mortgage University v2Tests */,
				7383123828EB75E600FC930B /* Mortgage University v2UITests */,
			);
		};
/* End PBXProject section */

/* Begin PBXResourcesBuildPhase section */
		7383121C28EB75E300FC930B /* Resources */ = {
			isa = PBXResourcesBuildPhase;
			buildActionMask = 2147483647;
			files = (
				7383122A28EB75E600FC930B /* Preview Assets.xcassets in Resources */,
				7383122628EB75E600FC930B /* Assets.xcassets in Resources */,
			);
			runOnlyForDeploymentPostprocessing = 0;
		};
		7383122D28EB75E600FC930B /* Resources */ = {
			isa = PBXResourcesBuildPhase;
			buildActionMask = 2147483647;
			files = (
			);
			runOnlyForDeploymentPostprocessing = 0;
		};
		7383123728EB75E600FC930B /* Resources */ = {
			isa = PBXResourcesBuildPhase;
			buildActionMask = 2147483647;
			files = (
			);
			runOnlyForDeploymentPostprocessing = 0;
		};
/* End PBXResourcesBuildPhase section */

/* Begin PBXSourcesBuildPhase section */
		7383121A28EB75E300FC930B /* Sources */ = {
			isa = PBXSourcesBuildPhase;
			buildActionMask = 2147483647;
			files = (
				7383122428EB75E300FC930B /* ContentView.swift in Sources */,
				7383122228EB75E300FC930B /* Mortgage_University_v2App.swift in Sources */,
			);
			runOnlyForDeploymentPostprocessing = 0;
		};
		7383122B28EB75E600FC930B /* Sources */ = {
			isa = PBXSourcesBuildPhase;
			buildActionMask = 2147483647;
			files = (
				7383123428EB75E600FC930B /* Mortgage_University_v2Tests.swift in Sources */,
			);
			runOnlyForDeploymentPostprocessing = 0;
		};
		7383123528EB75E600FC930B /* Sources */ = {
			isa = PBXSourcesBuildPhase;
			buildActionMask = 2147483647;
			files = (
				7383124028EB75E600FC930B /* Mortgage_University_v2UITestsLaunchTests.swift in Sources */,
				7383123E28EB75E600FC930B /* Mortgage_University_v2UITests.swift in Sources */,
			);
			runOnlyForDeploymentPostprocessing = 0;
		};
/* End PBXSourcesBuildPhase section */

/* Begin PBXTargetDependency section */
		7383123128EB75E600FC930B /* PBXTargetDependency */ = {
			isa = PBXTargetDependency;
			target = 7383121D28EB75E300FC930B /* Mortgage University v2 */;
			targetProxy = 7383123028EB75E600FC930B /* PBXContainerItemProxy */;
		};
		7383123B28EB75E600FC930B /* PBXTargetDependency */ = {
			isa = PBXTargetDependency;
			target = 7383121D28EB75E300FC930B /* Mortgage University v2 */;
			targetProxy = 7383123A28EB75E600FC930B /* PBXContainerItemProxy */;
		};
/* End PBXTargetDependency section */

/* Begin XCBuildConfiguration section */
		7383124128EB75E600FC930B /* Debug */ = {
			isa = XCBuildConfiguration;
			buildSettings = {
				ALWAYS_SEARCH_USER_PATHS = NO;
				CLANG_ANALYZER_NONNULL = YES;
				CLANG_ANALYZER_NUMBER_OBJECT_CONVERSION = YES_AGGRESSIVE;
				CLANG_CXX_LANGUAGE_STANDARD = "gnu++20";
				CLANG_ENABLE_MODULES = YES;
				CLANG_ENABLE_OBJC_ARC = YES;
				CLANG_ENABLE_OBJC_WEAK = YES;
				CLANG_WARN_BLOCK_CAPTURE_AUTORELEASING = YES;
				CLANG_WARN_BOOL_CONVERSION = YES;
				CLANG_WARN_COMMA = YES;
				CLANG_WARN_CONSTANT_CONVERSION = YES;
				CLANG_WARN_DEPRECATED_OBJC_IMPLEMENTATIONS = YES;
				CLANG_WARN_DIRECT_OBJC_ISA_USAGE = YES_ERROR;
				CLANG_WARN_DOCUMENTATION_COMMENTS = YES;
				CLANG_WARN_EMPTY_BODY = YES;
				CLANG_WARN_ENUM_CONVERSION = YES;
				CLANG_WARN_INFINITE_RECURSION = YES;
				CLANG_WARN_INT_CONVERSION = YES;
				CLANG_WARN_NON_LITERAL_NULL_CONVERSION = YES;
				CLANG_WARN_OBJC_IMPLICIT_RETAIN_SELF = YES;
				CLANG_WARN_OBJC_LITERAL_CONVERSION = YES;
				CLANG_WARN_OBJC_ROOT_CLASS = YES_ERROR;
				CLANG_WARN_QUOTED_INCLUDE_IN_FRAMEWORK_HEADER = YES;
				CLANG_WARN_RANGE_LOOP_ANALYSIS = YES;
				CLANG_WARN_STRICT_PROTOTYPES = YES;
				CLANG_WARN_SUSPICIOUS_MOVE = YES;
				CLANG_WARN_UNGUARDED_AVAILABILITY = YES_AGGRESSIVE;
				CLANG_WARN_UNREACHABLE_CODE = YES;
				CLANG_WARN__DUPLICATE_METHOD_MATCH = YES;
				COPY_PHASE_STRIP = NO;
				DEBUG_INFORMATION_FORMAT = dwarf;
				ENABLE_STRICT_OBJC_MSGSEND = YES;
				ENABLE_TESTABILITY = YES;
				GCC_C_LANGUAGE_STANDARD = gnu11;
				GCC_DYNAMIC_NO_PIC = NO;
				GCC_NO_COMMON_BLOCKS = YES;
				GCC_OPTIMIZATION_LEVEL = 0;
				GCC_PREPROCESSOR_DEFINITIONS = (
					"DEBUG=1",
					"$(inherited)",
				);
				GCC_WARN_64_TO_32_BIT_CONVERSION = YES;
				GCC_WARN_ABOUT_RETURN_TYPE = YES_ERROR;
				GCC_WARN_UNDECLARED_SELECTOR = YES;
				GCC_WARN_UNINITIALIZED_AUTOS = YES_AGGRESSIVE;
				GCC_WARN_UNUSED_FUNCTION = YES;
				GCC_WARN_UNUSED_VARIABLE = YES;
				MTL_ENABLE_DEBUG_INFO = INCLUDE_SOURCE;
				MTL_FAST_MATH = YES;
				ONLY_ACTIVE_ARCH = YES;
				SWIFT_ACTIVE_COMPILATION_CONDITIONS = DEBUG;
				SWIFT_OPTIMIZATION_LEVEL = "-Onone";
			};
			name = Debug;
		};
		7383124228EB75E600FC930B /* Release */ = {
			isa = XCBuildConfiguration;
			buildSettings = {
				ALWAYS_SEARCH_USER_PATHS = NO;
				CLANG_ANALYZER_NONNULL = YES;
				CLANG_ANALYZER_NUMBER_OBJECT_CONVERSION = YES_AGGRESSIVE;
				CLANG_CXX_LANGUAGE_STANDARD = "gnu++20";
				CLANG_ENABLE_MODULES = YES;
				CLANG_ENABLE_OBJC_ARC = YES;
				CLANG_ENABLE_OBJC_WEAK = YES;
				CLANG_WARN_BLOCK_CAPTURE_AUTORELEASING = YES;
				CLANG_WARN_BOOL_CONVERSION = YES;
				CLANG_WARN_COMMA = YES;
				CLANG_WARN_CONSTANT_CONVERSION = YES;
				CLANG_WARN_DEPRECATED_OBJC_IMPLEMENTATIONS = YES;
				CLANG_WARN_DIRECT_OBJC_ISA_USAGE = YES_ERROR;
				CLANG_WARN_DOCUMENTATION_COMMENTS = YES;
				CLANG_WARN_EMPTY_BODY = YES;
				CLANG_WARN_ENUM_CONVERSION = YES;
				CLANG_WARN_INFINITE_RECURSION = YES;
				CLANG_WARN_INT_CONVERSION = YES;
				CLANG_WARN_NON_LITERAL_NULL_CONVERSION = YES;
				CLANG_WARN_OBJC_IMPLICIT_RETAIN_SELF = YES;
				CLANG_WARN_OBJC_LITERAL_CONVERSION = YES;
				CLANG_WARN_OBJC_ROOT_CLASS = YES_ERROR;
				CLANG_WARN_QUOTED_INCLUDE_IN_FRAMEWORK_HEADER = YES;
				CLANG_WARN_RANGE_LOOP_ANALYSIS = YES;
				CLANG_WARN_STRICT_PROTOTYPES = YES;
				CLANG_WARN_SUSPICIOUS_MOVE = YES;
				CLANG_WARN_UNGUARDED_AVAILABILITY = YES_AGGRESSIVE;
				CLANG_WARN_UNREACHABLE_CODE = YES;
				CLANG_WARN__DUPLICATE_METHOD_MATCH = YES;
				COPY_PHASE_STRIP = NO;
				DEBUG_INFORMATION_FORMAT = "dwarf-with-dsym";
				ENABLE_NS_ASSERTIONS = NO;
				ENABLE_STRICT_OBJC_MSGSEND = YES;
				GCC_C_LANGUAGE_STANDARD = gnu11;
				GCC_NO_COMMON_BLOCKS = YES;
				GCC_WARN_64_TO_32_BIT_CONVERSION = YES;
				GCC_WARN_ABOUT_RETURN_TYPE = YES_ERROR;
				GCC_WARN_UNDECLARED_SELECTOR = YES;
				GCC_WARN_UNINITIALIZED_AUTOS = YES_AGGRESSIVE;
				GCC_WARN_UNUSED_FUNCTION = YES;
				GCC_WARN_UNUSED_VARIABLE = YES;
				MTL_ENABLE_DEBUG_INFO = NO;
				MTL_FAST_MATH = YES;
				SWIFT_COMPILATION_MODE = wholemodule;
				SWIFT_OPTIMIZATION_LEVEL = "-O";
			};
			name = Release;
		};
		7383124428EB75E600FC930B /* Debug */ = {
			isa = XCBuildConfiguration;
			buildSettings = {
				ASSETCATALOG_COMPILER_APPICON_NAME = AppIcon;
				ASSETCATALOG_COMPILER_GLOBAL_ACCENT_COLOR_NAME = AccentColor;
				CODE_SIGN_ENTITLEMENTS = "Mortgage University v2/Mortgage_University_v2.entitlements";
				CODE_SIGN_STYLE = Automatic;
				CURRENT_PROJECT_VERSION = 1;
				DEVELOPMENT_ASSET_PATHS = "\"Mortgage University v2/Preview Content\"";
				DEVELOPMENT_TEAM = 9JJR2W6W3A;
				ENABLE_HARDENED_RUNTIME = YES;
				ENABLE_PREVIEWS = YES;
				GENERATE_INFOPLIST_FILE = YES;
				"INFOPLIST_KEY_UIApplicationSceneManifest_Generation[sdk=iphoneos*]" = YES;
				"INFOPLIST_KEY_UIApplicationSceneManifest_Generation[sdk=iphonesimulator*]" = YES;
				"INFOPLIST_KEY_UIApplicationSupportsIndirectInputEvents[sdk=iphoneos*]" = YES;
				"INFOPLIST_KEY_UIApplicationSupportsIndirectInputEvents[sdk=iphonesimulator*]" = YES;
				"INFOPLIST_KEY_UILaunchScreen_Generation[sdk=iphoneos*]" = YES;
				"INFOPLIST_KEY_UILaunchScreen_Generation[sdk=iphonesimulator*]" = YES;
				"INFOPLIST_KEY_UIStatusBarStyle[sdk=iphoneos*]" = UIStatusBarStyleDefault;
				"INFOPLIST_KEY_UIStatusBarStyle[sdk=iphonesimulator*]" = UIStatusBarStyleDefault;
				INFOPLIST_KEY_UISupportedInterfaceOrientations_iPad = "UIInterfaceOrientationPortrait UIInterfaceOrientationPortraitUpsideDown UIInterfaceOrientationLandscapeLeft UIInterfaceOrientationLandscapeRight";
				INFOPLIST_KEY_UISupportedInterfaceOrientations_iPhone = "UIInterfaceOrientationPortrait UIInterfaceOrientationLandscapeLeft UIInterfaceOrientationLandscapeRight";
				IPHONEOS_DEPLOYMENT_TARGET = 16.0;
				LD_RUNPATH_SEARCH_PATHS = "@executable_path/Frameworks";
				"LD_RUNPATH_SEARCH_PATHS[sdk=macosx*]" = "@executable_path/../Frameworks";
				MACOSX_DEPLOYMENT_TARGET = 12.3;
				MARKETING_VERSION = 1.0;
				PRODUCT_BUNDLE_IDENTIFIER = "pnagel.Mortgage-University-v2";
				PRODUCT_NAME = "$(TARGET_NAME)";
				SDKROOT = auto;
				SUPPORTED_PLATFORMS = "iphoneos iphonesimulator macosx";
				SWIFT_EMIT_LOC_STRINGS = YES;
				SWIFT_VERSION = 5.0;
				TARGETED_DEVICE_FAMILY = "1,2";
			};
			name = Debug;
		};
		7383124528EB75E600FC930B /* Release */ = {
			isa = XCBuildConfiguration;
			buildSettings = {
				ASSETCATALOG_COMPILER_APPICON_NAME = AppIcon;
				ASSETCATALOG_COMPILER_GLOBAL_ACCENT_COLOR_NAME = AccentColor;
				CODE_SIGN_ENTITLEMENTS = "Mortgage University v2/Mortgage_University_v2.entitlements";
				CODE_SIGN_STYLE = Automatic;
				CURRENT_PROJECT_VERSION = 1;
				DEVELOPMENT_ASSET_PATHS = "\"Mortgage University v2/Preview Content\"";
				DEVELOPMENT_TEAM = 9JJR2W6W3A;
				ENABLE_HARDENED_RUNTIME = YES;
				ENABLE_PREVIEWS = YES;
				GENERATE_INFOPLIST_FILE = YES;
				"INFOPLIST_KEY_UIApplicationSceneManifest_Generation[sdk=iphoneos*]" = YES;
				"INFOPLIST_KEY_UIApplicationSceneManifest_Generation[sdk=iphonesimulator*]" = YES;
				"INFOPLIST_KEY_UIApplicationSupportsIndirectInputEvents[sdk=iphoneos*]" = YES;
				"INFOPLIST_KEY_UIApplicationSupportsIndirectInputEvents[sdk=iphonesimulator*]" = YES;
				"INFOPLIST_KEY_UILaunchScreen_Generation[sdk=iphoneos*]" = YES;
				"INFOPLIST_KEY_UILaunchScreen_Generation[sdk=iphonesimulator*]" = YES;
				"INFOPLIST_KEY_UIStatusBarStyle[sdk=iphoneos*]" = UIStatusBarStyleDefault;
				"INFOPLIST_KEY_UIStatusBarStyle[sdk=iphonesimulator*]" = UIStatusBarStyleDefault;
				INFOPLIST_KEY_UISupportedInterfaceOrientations_iPad = "UIInterfaceOrientationPortrait UIInterfaceOrientationPortraitUpsideDown UIInterfaceOrientationLandscapeLeft UIInterfaceOrientationLandscapeRight";
				INFOPLIST_KEY_UISupportedInterfaceOrientations_iPhone = "UIInterfaceOrientationPortrait UIInterfaceOrientationLandscapeLeft UIInterfaceOrientationLandscapeRight";
				IPHONEOS_DEPLOYMENT_TARGET = 16.0;
				LD_RUNPATH_SEARCH_PATHS = "@executable_path/Frameworks";
				"LD_RUNPATH_SEARCH_PATHS[sdk=macosx*]" = "@executable_path/../Frameworks";
				MACOSX_DEPLOYMENT_TARGET = 12.3;
				MARKETING_VERSION = 1.0;
				PRODUCT_BUNDLE_IDENTIFIER = "pnagel.Mortgage-University-v2";
				PRODUCT_NAME = "$(TARGET_NAME)";
				SDKROOT = auto;
				SUPPORTED_PLATFORMS = "iphoneos iphonesimulator macosx";
				SWIFT_EMIT_LOC_STRINGS = YES;
				SWIFT_VERSION = 5.0;
				TARGETED_DEVICE_FAMILY = "1,2";
			};
			name = Release;
		};
		7383124728EB75E600FC930B /* Debug */ = {
			isa = XCBuildConfiguration;
			buildSettings = {
				ALWAYS_EMBED_SWIFT_STANDARD_LIBRARIES = YES;
				BUNDLE_LOADER = "$(TEST_HOST)";
				CODE_SIGN_STYLE = Automatic;
				CURRENT_PROJECT_VERSION = 1;
				DEVELOPMENT_TEAM = 9JJR2W6W3A;
				GENERATE_INFOPLIST_FILE = YES;
				IPHONEOS_DEPLOYMENT_TARGET = 16.0;
				MACOSX_DEPLOYMENT_TARGET = 12.3;
				MARKETING_VERSION = 1.0;
				PRODUCT_BUNDLE_IDENTIFIER = "pnagel.Mortgage-University-v2Tests";
				PRODUCT_NAME = "$(TARGET_NAME)";
				SDKROOT = auto;
				SUPPORTED_PLATFORMS = "iphoneos iphonesimulator macosx";
				SWIFT_EMIT_LOC_STRINGS = NO;
				SWIFT_VERSION = 5.0;
				TARGETED_DEVICE_FAMILY = "1,2";
				TEST_HOST = "$(BUILT_PRODUCTS_DIR)/Mortgage University v2.app/$(BUNDLE_EXECUTABLE_FOLDER_PATH)/Mortgage University v2";
			};
			name = Debug;
		};
		7383124828EB75E600FC930B /* Release */ = {
			isa = XCBuildConfiguration;
			buildSettings = {
				ALWAYS_EMBED_SWIFT_STANDARD_LIBRARIES = YES;
				BUNDLE_LOADER = "$(TEST_HOST)";
				CODE_SIGN_STYLE = Automatic;
				CURRENT_PROJECT_VERSION = 1;
				DEVELOPMENT_TEAM = 9JJR2W6W3A;
				GENERATE_INFOPLIST_FILE = YES;
				IPHONEOS_DEPLOYMENT_TARGET = 16.0;
				MACOSX_DEPLOYMENT_TARGET = 12.3;
				MARKETING_VERSION = 1.0;
				PRODUCT_BUNDLE_IDENTIFIER = "pnagel.Mortgage-University-v2Tests";
				PRODUCT_NAME = "$(TARGET_NAME)";
				SDKROOT = auto;
				SUPPORTED_PLATFORMS = "iphoneos iphonesimulator macosx";
				SWIFT_EMIT_LOC_STRINGS = NO;
				SWIFT_VERSION = 5.0;
				TARGETED_DEVICE_FAMILY = "1,2";
				TEST_HOST = "$(BUILT_PRODUCTS_DIR)/Mortgage University v2.app/$(BUNDLE_EXECUTABLE_FOLDER_PATH)/Mortgage University v2";
			};
			name = Release;
		};
		7383124A28EB75E600FC930B /* Debug */ = {
			isa = XCBuildConfiguration;
			buildSettings = {
				ALWAYS_EMBED_SWIFT_STANDARD_LIBRARIES = YES;
				CODE_SIGN_STYLE = Automatic;
				CURRENT_PROJECT_VERSION = 1;
				DEVELOPMENT_TEAM = 9JJR2W6W3A;
				GENERATE_INFOPLIST_FILE = YES;
				IPHONEOS_DEPLOYMENT_TARGET = 16.0;
				MACOSX_DEPLOYMENT_TARGET = 12.3;
				MARKETING_VERSION = 1.0;
				PRODUCT_BUNDLE_IDENTIFIER = "pnagel.Mortgage-University-v2UITests";
				PRODUCT_NAME = "$(TARGET_NAME)";
				SDKROOT = auto;
				SUPPORTED_PLATFORMS = "iphoneos iphonesimulator macosx";
				SWIFT_EMIT_LOC_STRINGS = NO;
				SWIFT_VERSION = 5.0;
				TARGETED_DEVICE_FAMILY = "1,2";
				TEST_TARGET_NAME = "Mortgage University v2";
			};
			name = Debug;
		};
		7383124B28EB75E600FC930B /* Release */ = {
			isa = XCBuildConfiguration;
			buildSettings = {
				ALWAYS_EMBED_SWIFT_STANDARD_LIBRARIES = YES;
				CODE_SIGN_STYLE = Automatic;
				CURRENT_PROJECT_VERSION = 1;
				DEVELOPMENT_TEAM = 9JJR2W6W3A;
				GENERATE_INFOPLIST_FILE = YES;
				IPHONEOS_DEPLOYMENT_TARGET = 16.0;
				MACOSX_DEPLOYMENT_TARGET = 12.3;
				MARKETING_VERSION = 1.0;
				PRODUCT_BUNDLE_IDENTIFIER = "pnagel.Mortgage-University-v2UITests";
				PRODUCT_NAME = "$(TARGET_NAME)";
				SDKROOT = auto;
				SUPPORTED_PLATFORMS = "iphoneos iphonesimulator macosx";
				SWIFT_EMIT_LOC_STRINGS = NO;
				SWIFT_VERSION = 5.0;
				TARGETED_DEVICE_FAMILY = "1,2";
				TEST_TARGET_NAME = "Mortgage University v2";
			};
			name = Release;
		};
/* End XCBuildConfiguration section */

/* Begin XCConfigurationList section */
		7383121928EB75E300FC930B /* Build configuration list for PBXProject "Mortgage University v2" */ = {
			isa = XCConfigurationList;
			buildConfigurations = (
				7383124128EB75E600FC930B /* Debug */,
				7383124228EB75E600FC930B /* Release */,
			);
			defaultConfigurationIsVisible = 0;
			defaultConfigurationName = Release;
		};
		7383124328EB75E600FC930B /* Build configuration list for PBXNativeTarget "Mortgage University v2" */ = {
			isa = XCConfigurationList;
			buildConfigurations = (
				7383124428EB75E600FC930B /* Debug */,
				7383124528EB75E600FC930B /* Release */,
			);
			defaultConfigurationIsVisible = 0;
			defaultConfigurationName = Release;
		};
		7383124628EB75E600FC930B /* Build configuration list for PBXNativeTarget "Mortgage University v2Tests" */ = {
			isa = XCConfigurationList;
			buildConfigurations = (
				7383124728EB75E600FC930B /* Debug */,
				7383124828EB75E600FC930B /* Release */,
			);
			defaultConfigurationIsVisible = 0;
			defaultConfigurationName = Release;
		};
		7383124928EB75E600FC930B /* Build configuration list for PBXNativeTarget "Mortgage University v2UITests" */ = {
			isa = XCConfigurationList;
			buildConfigurations = (
				7383124A28EB75E600FC930B /* Debug */,
				7383124B28EB75E600FC930B /* Release */,
			);
			defaultConfigurationIsVisible = 0;
			defaultConfigurationName = Release;
		};
/* End XCConfigurationList section */
	};
	rootObject = 7383121628EB75E300FC930B /* Project object */;
}
